// !$*UTF8*$!
{
	archiveVersion = 1;
	classes = {
	};
	objectVersion = 46;
	objects = {

/* Begin PBXBuildFile section */
		B7594EB91A8C881A00D62F75 /* LocalizationManager.m in Sources */ = {isa = PBXBuildFile; fileRef = B7594EAB1A8C881A00D62F75 /* LocalizationManager.m */; };
		B7594EBA1A8C881A00D62F75 /* LaunchScreen.xib in Resources */ = {isa = PBXBuildFile; fileRef = B7594EAD1A8C881A00D62F75 /* LaunchScreen.xib */; };
		B7594EBB1A8C881A00D62F75 /* Main.storyboard in Resources */ = {isa = PBXBuildFile; fileRef = B7594EAF1A8C881A00D62F75 /* Main.storyboard */; };
		B7594EBC1A8C881A00D62F75 /* Images.xcassets in Resources */ = {isa = PBXBuildFile; fileRef = B7594EB11A8C881A00D62F75 /* Images.xcassets */; };
		B7594EBE1A8C881A00D62F75 /* Localizable.strings in Resources */ = {isa = PBXBuildFile; fileRef = B7594EB41A8C881A00D62F75 /* Localizable.strings */; };
		B7594EBF1A8C881A00D62F75 /* main.m in Sources */ = {isa = PBXBuildFile; fileRef = B7594EB51A8C881A00D62F75 /* main.m */; };
		B7594EC01A8C881A00D62F75 /* ViewController.m in Sources */ = {isa = PBXBuildFile; fileRef = B7594EB81A8C881A00D62F75 /* ViewController.m */; };
		B7F6484B1A8B9FBE007F579E /* AppDelegate.m in Sources */ = {isa = PBXBuildFile; fileRef = B7F6484A1A8B9FBE007F579E /* AppDelegate.m */; };
		B7F648621A8B9FBE007F579E /* LocalizableSupportTests.m in Sources */ = {isa = PBXBuildFile; fileRef = B7F648611A8B9FBE007F579E /* LocalizableSupportTests.m */; };
/* End PBXBuildFile section */

/* Begin PBXContainerItemProxy section */
		B7F6485C1A8B9FBE007F579E /* PBXContainerItemProxy */ = {
			isa = PBXContainerItemProxy;
			containerPortal = B7F6483A1A8B9FBE007F579E /* Project object */;
			proxyType = 1;
			remoteGlobalIDString = B7F648411A8B9FBE007F579E;
			remoteInfo = LocalizableSupport;
		};
/* End PBXContainerItemProxy section */

/* Begin PBXFileReference section */
		B7594EAA1A8C881A00D62F75 /* LocalizationManager.h */ = {isa = PBXFileReference; fileEncoding = 4; lastKnownFileType = sourcecode.c.h; path = LocalizationManager.h; sourceTree = "<group>"; };
		B7594EAB1A8C881A00D62F75 /* LocalizationManager.m */ = {isa = PBXFileReference; fileEncoding = 4; lastKnownFileType = sourcecode.c.objc; path = LocalizationManager.m; sourceTree = "<group>"; };
		B7594EAE1A8C881A00D62F75 /* Base */ = {isa = PBXFileReference; lastKnownFileType = file.xib; name = Base; path = Base.lproj/LaunchScreen.xib; sourceTree = "<group>"; };
		B7594EB01A8C881A00D62F75 /* Base */ = {isa = PBXFileReference; lastKnownFileType = file.storyboard; name = Base; path = Base.lproj/Main.storyboard; sourceTree = "<group>"; };
		B7594EB11A8C881A00D62F75 /* Images.xcassets */ = {isa = PBXFileReference; lastKnownFileType = folder.assetcatalog; path = Images.xcassets; sourceTree = "<group>"; };
		B7594EB31A8C881A00D62F75 /* Info.plist */ = {isa = PBXFileReference; fileEncoding = 4; lastKnownFileType = text.plist.xml; path = Info.plist; sourceTree = "<group>"; };
		B7594EB41A8C881A00D62F75 /* Localizable.strings */ = {isa = PBXFileReference; fileEncoding = 4; lastKnownFileType = text.plist.strings; path = Localizable.strings; sourceTree = "<group>"; };
		B7594EB51A8C881A00D62F75 /* main.m */ = {isa = PBXFileReference; fileEncoding = 4; lastKnownFileType = sourcecode.c.objc; path = main.m; sourceTree = "<group>"; };
		B7594EB71A8C881A00D62F75 /* ViewController.h */ = {isa = PBXFileReference; fileEncoding = 4; lastKnownFileType = sourcecode.c.h; path = ViewController.h; sourceTree = "<group>"; };
		B7594EB81A8C881A00D62F75 /* ViewController.m */ = {isa = PBXFileReference; fileEncoding = 4; lastKnownFileType = sourcecode.c.objc; path = ViewController.m; sourceTree = "<group>"; };
		B7F648421A8B9FBE007F579E /* LocalizableSupport.app */ = {isa = PBXFileReference; explicitFileType = wrapper.application; includeInIndex = 0; path = LocalizableSupport.app; sourceTree = BUILT_PRODUCTS_DIR; };
		B7F648491A8B9FBE007F579E /* AppDelegate.h */ = {isa = PBXFileReference; lastKnownFileType = sourcecode.c.h; path = AppDelegate.h; sourceTree = "<group>"; };
		B7F6484A1A8B9FBE007F579E /* AppDelegate.m */ = {isa = PBXFileReference; lastKnownFileType = sourcecode.c.objc; path = AppDelegate.m; sourceTree = "<group>"; };
		B7F6485B1A8B9FBE007F579E /* LocalizableSupportTests.xctest */ = {isa = PBXFileReference; explicitFileType = wrapper.cfbundle; includeInIndex = 0; path = LocalizableSupportTests.xctest; sourceTree = BUILT_PRODUCTS_DIR; };
		B7F648601A8B9FBE007F579E /* Info.plist */ = {isa = PBXFileReference; lastKnownFileType = text.plist.xml; path = Info.plist; sourceTree = "<group>"; };
		B7F648611A8B9FBE007F579E /* LocalizableSupportTests.m */ = {isa = PBXFileReference; lastKnownFileType = sourcecode.c.objc; path = LocalizableSupportTests.m; sourceTree = "<group>"; };
/* End PBXFileReference section */

/* Begin PBXFrameworksBuildPhase section */
		B7F6483F1A8B9FBE007F579E /* Frameworks */ = {
			isa = PBXFrameworksBuildPhase;
			buildActionMask = 2147483647;
			files = (
			);
			runOnlyForDeploymentPostprocessing = 0;
		};
		B7F648581A8B9FBE007F579E /* Frameworks */ = {
			isa = PBXFrameworksBuildPhase;
			buildActionMask = 2147483647;
			files = (
			);
			runOnlyForDeploymentPostprocessing = 0;
		};
/* End PBXFrameworksBuildPhase section */

/* Begin PBXGroup section */
		B7594EA91A8C881A00D62F75 /* LocalizationManager */ = {
			isa = PBXGroup;
			children = (
				B7594EAA1A8C881A00D62F75 /* LocalizationManager.h */,
				B7594EAB1A8C881A00D62F75 /* LocalizationManager.m */,
			);
			path = LocalizationManager;
			sourceTree = "<group>";
		};
		B7594EAC1A8C881A00D62F75 /* Resources */ = {
			isa = PBXGroup;
			children = (
				B7594EAD1A8C881A00D62F75 /* LaunchScreen.xib */,
				B7594EAF1A8C881A00D62F75 /* Main.storyboard */,
				B7594EB11A8C881A00D62F75 /* Images.xcassets */,
			);
			path = Resources;
			sourceTree = "<group>";
		};
		B7594EB21A8C881A00D62F75 /* SupportingFiles */ = {
			isa = PBXGroup;
			children = (
				B7594EB31A8C881A00D62F75 /* Info.plist */,
				B7594EB41A8C881A00D62F75 /* Localizable.strings */,
				B7594EB51A8C881A00D62F75 /* main.m */,
			);
			path = SupportingFiles;
			sourceTree = "<group>";
		};
		B7594EB61A8C881A00D62F75 /* ViewControllers */ = {
			isa = PBXGroup;
			children = (
				B7594EB71A8C881A00D62F75 /* ViewController.h */,
				B7594EB81A8C881A00D62F75 /* ViewController.m */,
			);
			path = ViewControllers;
			sourceTree = "<group>";
		};
		B7F648391A8B9FBE007F579E = {
			isa = PBXGroup;
			children = (
				B7F648441A8B9FBE007F579E /* LocalizableSupport */,
				B7F6485E1A8B9FBE007F579E /* LocalizableSupportTests */,
				B7F648431A8B9FBE007F579E /* Products */,
			);
			sourceTree = "<group>";
		};
		B7F648431A8B9FBE007F579E /* Products */ = {
			isa = PBXGroup;
			children = (
				B7F648421A8B9FBE007F579E /* LocalizableSupport.app */,
				B7F6485B1A8B9FBE007F579E /* LocalizableSupportTests.xctest */,
			);
			name = Products;
			sourceTree = "<group>";
		};
		B7F648441A8B9FBE007F579E /* LocalizableSupport */ = {
			isa = PBXGroup;
			children = (
				B7594EA91A8C881A00D62F75 /* LocalizationManager */,
				B7594EAC1A8C881A00D62F75 /* Resources */,
				B7594EB21A8C881A00D62F75 /* SupportingFiles */,
				B7594EB61A8C881A00D62F75 /* ViewControllers */,
				B7F648491A8B9FBE007F579E /* AppDelegate.h */,
				B7F6484A1A8B9FBE007F579E /* AppDelegate.m */,
			);
			path = LocalizableSupport;
			sourceTree = "<group>";
		};
		B7F6485E1A8B9FBE007F579E /* LocalizableSupportTests */ = {
			isa = PBXGroup;
			children = (
				B7F648611A8B9FBE007F579E /* LocalizableSupportTests.m */,
				B7F6485F1A8B9FBE007F579E /* Supporting Files */,
			);
			path = LocalizableSupportTests;
			sourceTree = "<group>";
		};
		B7F6485F1A8B9FBE007F579E /* Supporting Files */ = {
			isa = PBXGroup;
			children = (
				B7F648601A8B9FBE007F579E /* Info.plist */,
			);
			name = "Supporting Files";
			sourceTree = "<group>";
		};
/* End PBXGroup section */

/* Begin PBXNativeTarget section */
		B7F648411A8B9FBE007F579E /* LocalizableSupport */ = {
			isa = PBXNativeTarget;
			buildConfigurationList = B7F648651A8B9FBE007F579E /* Build configuration list for PBXNativeTarget "LocalizableSupport" */;
			buildPhases = (
				B7F6483E1A8B9FBE007F579E /* Sources */,
				B7F6483F1A8B9FBE007F579E /* Frameworks */,
				B7F648401A8B9FBE007F579E /* Resources */,
			);
			buildRules = (
			);
			dependencies = (
			);
			name = LocalizableSupport;
			productName = LocalizableSupport;
			productReference = B7F648421A8B9FBE007F579E /* LocalizableSupport.app */;
			productType = "com.apple.product-type.application";
		};
		B7F6485A1A8B9FBE007F579E /* LocalizableSupportTests */ = {
			isa = PBXNativeTarget;
			buildConfigurationList = B7F648681A8B9FBE007F579E /* Build configuration list for PBXNativeTarget "LocalizableSupportTests" */;
			buildPhases = (
				B7F648571A8B9FBE007F579E /* Sources */,
				B7F648581A8B9FBE007F579E /* Frameworks */,
				B7F648591A8B9FBE007F579E /* Resources */,
			);
			buildRules = (
			);
			dependencies = (
				B7F6485D1A8B9FBE007F579E /* PBXTargetDependency */,
			);
			name = LocalizableSupportTests;
			productName = LocalizableSupportTests;
			productReference = B7F6485B1A8B9FBE007F579E /* LocalizableSupportTests.xctest */;
			productType = "com.apple.product-type.bundle.unit-test";
		};
/* End PBXNativeTarget section */

/* Begin PBXProject section */
		B7F6483A1A8B9FBE007F579E /* Project object */ = {
			isa = PBXProject;
			attributes = {
				LastUpgradeCheck = 0610;
				ORGANIZATIONNAME = "Deniss Kaibagarovs";
				TargetAttributes = {
					B7F648411A8B9FBE007F579E = {
						CreatedOnToolsVersion = 6.1.1;
					};
					B7F6485A1A8B9FBE007F579E = {
						CreatedOnToolsVersion = 6.1.1;
						TestTargetID = B7F648411A8B9FBE007F579E;
					};
				};
			};
			buildConfigurationList = B7F6483D1A8B9FBE007F579E /* Build configuration list for PBXProject "LocalizableSupport" */;
			compatibilityVersion = "Xcode 3.2";
			developmentRegion = English;
			hasScannedForEncodings = 0;
			knownRegions = (
				en,
				Base,
			);
			mainGroup = B7F648391A8B9FBE007F579E;
			productRefGroup = B7F648431A8B9FBE007F579E /* Products */;
			projectDirPath = "";
			projectRoot = "";
			targets = (
				B7F648411A8B9FBE007F579E /* LocalizableSupport */,
				B7F6485A1A8B9FBE007F579E /* LocalizableSupportTests */,
			);
		};
/* End PBXProject section */

/* Begin PBXResourcesBuildPhase section */
		B7F648401A8B9FBE007F579E /* Resources */ = {
			isa = PBXResourcesBuildPhase;
			buildActionMask = 2147483647;
			files = (
				B7594EBE1A8C881A00D62F75 /* Localizable.strings in Resources */,
				B7594EBC1A8C881A00D62F75 /* Images.xcassets in Resources */,
				B7594EBA1A8C881A00D62F75 /* LaunchScreen.xib in Resources */,
				B7594EBB1A8C881A00D62F75 /* Main.storyboard in Resources */,
			);
			runOnlyForDeploymentPostprocessing = 0;
		};
		B7F648591A8B9FBE007F579E /* Resources */ = {
			isa = PBXResourcesBuildPhase;
			buildActionMask = 2147483647;
			files = (
			);
			runOnlyForDeploymentPostprocessing = 0;
		};
/* End PBXResourcesBuildPhase section */

/* Begin PBXSourcesBuildPhase section */
		B7F6483E1A8B9FBE007F579E /* Sources */ = {
			isa = PBXSourcesBuildPhase;
			buildActionMask = 2147483647;
			files = (
				B7F6484B1A8B9FBE007F579E /* AppDelegate.m in Sources */,
				B7594EB91A8C881A00D62F75 /* LocalizationManager.m in Sources */,
				B7594EBF1A8C881A00D62F75 /* main.m in Sources */,
				B7594EC01A8C881A00D62F75 /* ViewController.m in Sources */,
			);
			runOnlyForDeploymentPostprocessing = 0;
		};
		B7F648571A8B9FBE007F579E /* Sources */ = {
			isa = PBXSourcesBuildPhase;
			buildActionMask = 2147483647;
			files = (
				B7F648621A8B9FBE007F579E /* LocalizableSupportTests.m in Sources */,
			);
			runOnlyForDeploymentPostprocessing = 0;
		};
/* End PBXSourcesBuildPhase section */

/* Begin PBXTargetDependency section */
		B7F6485D1A8B9FBE007F579E /* PBXTargetDependency */ = {
			isa = PBXTargetDependency;
			target = B7F648411A8B9FBE007F579E /* LocalizableSupport */;
			targetProxy = B7F6485C1A8B9FBE007F579E /* PBXContainerItemProxy */;
		};
/* End PBXTargetDependency section */

/* Begin PBXVariantGroup section */
		B7594EAD1A8C881A00D62F75 /* LaunchScreen.xib */ = {
			isa = PBXVariantGroup;
			children = (
				B7594EAE1A8C881A00D62F75 /* Base */,
			);
			name = LaunchScreen.xib;
			sourceTree = "<group>";
		};
		B7594EAF1A8C881A00D62F75 /* Main.storyboard */ = {
			isa = PBXVariantGroup;
			children = (
				B7594EB01A8C881A00D62F75 /* Base */,
			);
			name = Main.storyboard;
			sourceTree = "<group>";
		};
/* End PBXVariantGroup section */

/* Begin XCBuildConfiguration section */
		B7F648631A8B9FBE007F579E /* Debug */ = {
			isa = XCBuildConfiguration;
			buildSettings = {
				ALWAYS_SEARCH_USER_PATHS = NO;
				CLANG_CXX_LANGUAGE_STANDARD = "gnu++0x";
				CLANG_CXX_LIBRARY = "libc++";
				CLANG_ENABLE_MODULES = YES;
				CLANG_ENABLE_OBJC_ARC = YES;
				CLANG_WARN_BOOL_CONVERSION = YES;
				CLANG_WARN_CONSTANT_CONVERSION = YES;
				CLANG_WARN_DIRECT_OBJC_ISA_USAGE = YES_ERROR;
				CLANG_WARN_EMPTY_BODY = YES;
				CLANG_WARN_ENUM_CONVERSION = YES;
				CLANG_WARN_INT_CONVERSION = YES;
				CLANG_WARN_OBJC_ROOT_CLASS = YES_ERROR;
				CLANG_WARN_UNREACHABLE_CODE = YES;
				CLANG_WARN__DUPLICATE_METHOD_MATCH = YES;
				"CODE_SIGN_IDENTITY[sdk=iphoneos*]" = "iPhone Developer";
				COPY_PHASE_STRIP = NO;
				ENABLE_STRICT_OBJC_MSGSEND = YES;
				GCC_C_LANGUAGE_STANDARD = gnu99;
				GCC_DYNAMIC_NO_PIC = NO;
				GCC_OPTIMIZATION_LEVEL = 0;
				GCC_PREPROCESSOR_DEFINITIONS = (
					"DEBUG=1",
					"$(inherited)",
				);
				GCC_SYMBOLS_PRIVATE_EXTERN = NO;
				GCC_WARN_64_TO_32_BIT_CONVERSION = YES;
				GCC_WARN_ABOUT_RETURN_TYPE = YES_ERROR;
				GCC_WARN_UNDECLARED_SELECTOR = YES;
				GCC_WARN_UNINITIALIZED_AUTOS = YES_AGGRESSIVE;
				GCC_WARN_UNUSED_FUNCTION = YES;
				GCC_WARN_UNUSED_VARIABLE = YES;
				IPHONEOS_DEPLOYMENT_TARGET = 8.1;
				MTL_ENABLE_DEBUG_INFO = YES;
				ONLY_ACTIVE_ARCH = YES;
				SDKROOT = iphoneos;
			};
			name = Debug;
		};
		B7F648641A8B9FBE007F579E /* Release */ = {
			isa = XCBuildConfiguration;
			buildSettings = {
				ALWAYS_SEARCH_USER_PATHS = NO;
				CLANG_CXX_LANGUAGE_STANDARD = "gnu++0x";
				CLANG_CXX_LIBRARY = "libc++";
				CLANG_ENABLE_MODULES = YES;
				CLANG_ENABLE_OBJC_ARC = YES;
				CLANG_WARN_BOOL_CONVERSION = YES;
				CLANG_WARN_CONSTANT_CONVERSION = YES;
				CLANG_WARN_DIRECT_OBJC_ISA_USAGE = YES_ERROR;
				CLANG_WARN_EMPTY_BODY = YES;
				CLANG_WARN_ENUM_CONVERSION = YES;
				CLANG_WARN_INT_CONVERSION = YES;
				CLANG_WARN_OBJC_ROOT_CLASS = YES_ERROR;
				CLANG_WARN_UNREACHABLE_CODE = YES;
				CLANG_WARN__DUPLICATE_METHOD_MATCH = YES;
				"CODE_SIGN_IDENTITY[sdk=iphoneos*]" = "iPhone Developer";
				COPY_PHASE_STRIP = YES;
				ENABLE_NS_ASSERTIONS = NO;
				ENABLE_STRICT_OBJC_MSGSEND = YES;
				GCC_C_LANGUAGE_STANDARD = gnu99;
				GCC_WARN_64_TO_32_BIT_CONVERSION = YES;
				GCC_WARN_ABOUT_RETURN_TYPE = YES_ERROR;
				GCC_WARN_UNDECLARED_SELECTOR = YES;
				GCC_WARN_UNINITIALIZED_AUTOS = YES_AGGRESSIVE;
				GCC_WARN_UNUSED_FUNCTION = YES;
				GCC_WARN_UNUSED_VARIABLE = YES;
				IPHONEOS_DEPLOYMENT_TARGET = 8.1;
				MTL_ENABLE_DEBUG_INFO = NO;
				SDKROOT = iphoneos;
				VALIDATE_PRODUCT = YES;
			};
			name = Release;
		};
		B7F648661A8B9FBE007F579E /* Debug */ = {
			isa = XCBuildConfiguration;
			buildSettings = {
				ASSETCATALOG_COMPILER_APPICON_NAME = AppIcon;
				ASSETCATALOG_COMPILER_LAUNCHIMAGE_NAME = LaunchImage;
				INFOPLIST_FILE = LocalizableSupport/SupportingFiles/Info.plist;
				IPHONEOS_DEPLOYMENT_TARGET = 7.0;
				LD_RUNPATH_SEARCH_PATHS = "$(inherited) @executable_path/Frameworks";
				PRODUCT_NAME = "$(TARGET_NAME)";
			};
			name = Debug;
		};
		B7F648671A8B9FBE007F579E /* Release */ = {
			isa = XCBuildConfiguration;
			buildSettings = {
				ASSETCATALOG_COMPILER_APPICON_NAME = AppIcon;
				ASSETCATALOG_COMPILER_LAUNCHIMAGE_NAME = LaunchImage;
				INFOPLIST_FILE = LocalizableSupport/SupportingFiles/Info.plist;
				IPHONEOS_DEPLOYMENT_TARGET = 7.0;
				LD_RUNPATH_SEARCH_PATHS = "$(inherited) @executable_path/Frameworks";
				PRODUCT_NAME = "$(TARGET_NAME)";
			};
			name = Release;
		};
		B7F648691A8B9FBE007F579E /* Debug */ = {
			isa = XCBuildConfiguration;
			buildSettings = {
				BUNDLE_LOADER = "$(TEST_HOST)";
				FRAMEWORK_SEARCH_PATHS = (
					"$(SDKROOT)/Developer/Library/Frameworks",
					"$(inherited)",
				);
				GCC_PREPROCESSOR_DEFINITIONS = (
					"DEBUG=1",
					"$(inherited)",
				);
				INFOPLIST_FILE = LocalizableSupportTests/Info.plist;
				LD_RUNPATH_SEARCH_PATHS = "$(inherited) @executable_path/Frameworks @loader_path/Frameworks";
				PRODUCT_NAME = "$(TARGET_NAME)";
				TEST_HOST = "$(BUILT_PRODUCTS_DIR)/LocalizableSupport.app/LocalizableSupport";
			};
			name = Debug;
		};
		B7F6486A1A8B9FBE007F579E /* Release */ = {
			isa = XCBuildConfiguration;
			buildSettings = {
				BUNDLE_LOADER = "$(TEST_HOST)";
				FRAMEWORK_SEARCH_PATHS = (
					"$(SDKROOT)/Developer/Library/Frameworks",
					"$(inherited)",
				);
				INFOPLIST_FILE = LocalizableSupportTests/Info.plist;
				LD_RUNPATH_SEARCH_PATHS = "$(inherited) @executable_path/Frameworks @loader_path/Frameworks";
				PRODUCT_NAME = "$(TARGET_NAME)";
				TEST_HOST = "$(BUILT_PRODUCTS_DIR)/LocalizableSupport.app/LocalizableSupport";
			};
			name = Release;
		};
/* End XCBuildConfiguration section */

/* Begin XCConfigurationList section */
		B7F6483D1A8B9FBE007F579E /* Build configuration list for PBXProject "LocalizableSupport" */ = {
			isa = XCConfigurationList;
			buildConfigurations = (
				B7F648631A8B9FBE007F579E /* Debug */,
				B7F648641A8B9FBE007F579E /* Release */,
			);
			defaultConfigurationIsVisible = 0;
			defaultConfigurationName = Release;
		};
		B7F648651A8B9FBE007F579E /* Build configuration list for PBXNativeTarget "LocalizableSupport" */ = {
			isa = XCConfigurationList;
			buildConfigurations = (
				B7F648661A8B9FBE007F579E /* Debug */,
				B7F648671A8B9FBE007F579E /* Release */,
			);
			defaultConfigurationIsVisible = 0;
			defaultConfigurationName = Release;
		};
		B7F648681A8B9FBE007F579E /* Build configuration list for PBXNativeTarget "LocalizableSupportTests" */ = {
			isa = XCConfigurationList;
			buildConfigurations = (
				B7F648691A8B9FBE007F579E /* Debug */,
				B7F6486A1A8B9FBE007F579E /* Release */,
			);
			defaultConfigurationIsVisible = 0;
			defaultConfigurationName = Release;
		};
/* End XCConfigurationList section */
	};
	rootObject = B7F6483A1A8B9FBE007F579E /* Project object */;
}
